
Microsoft Visual Studio Solution File, Format Version 12.00
# Visual Studio Version 17
VisualStudioVersion = 17.4.33122.133
MinimumVisualStudioVersion = 10.0.40219.1
Project("{54A90642-561A-4BB1-A94E-469ADEE60C69}") = "IdentityCore.frontend", "IdentityCore.frontend\IdentityCore.frontend.esproj", "{972C9D97-558D-49F9-9BA9-38EF418F42EC}"
EndProject
Global
	GlobalSection(SolutionConfigurationPlatforms) = preSolution
		Debug|Any CPU = Debug|Any CPU
		Release|Any CPU = Release|Any CPU
	EndGlobalSection
	GlobalSection(ProjectConfigurationPlatforms) = postSolution
		{972C9D97-558D-49F9-9BA9-38EF418F42EC}.Debug|Any CPU.ActiveCfg = Debug|Any CPU
		{972C9D97-558D-49F9-9BA9-38EF418F42EC}.Debug|Any CPU.Build.0 = Debug|Any CPU
		{972C9D97-558D-49F9-9BA9-38EF418F42EC}.Debug|Any CPU.Deploy.0 = Debug|Any CPU
		{972C9D97-558D-49F9-9BA9-38EF418F42EC}.Release|Any CPU.ActiveCfg = Release|Any CPU
		{972C9D97-558D-49F9-9BA9-38EF418F42EC}.Release|Any CPU.Build.0 = Release|Any CPU
		{972C9D97-558D-49F9-9BA9-38EF418F42EC}.Release|Any CPU.Deploy.0 = Release|Any CPU
	EndGlobalSection
	GlobalSection(SolutionProperties) = preSolution
		HideSolutionNode = FALSE
	EndGlobalSection
	GlobalSection(ExtensibilityGlobals) = postSolution
		SolutionGuid = {BA09BF92-B51D-4718-A596-9E727CF0CE11}
	EndGlobalSection
EndGlobal
